// !$*UTF8*$!
{
	archiveVersion = 1;
	classes = {
	};
	objectVersion = 56;
	objects = {

/* Begin PBXBuildFile section */
		045A135F2DAD03C600FA4A56 /* ListDataAppApp.swift in Sources */ = {isa = PBXBuildFile; fileRef = 045A135E2DAD03C600FA4A56 /* ListDataAppApp.swift */; };
		045A13612DAD03C600FA4A56 /* ContentView.swift in Sources */ = {isa = PBXBuildFile; fileRef = 045A13602DAD03C600FA4A56 /* ContentView.swift */; };
		045A13632DAD03C800FA4A56 /* Assets.xcassets in Resources */ = {isa = PBXBuildFile; fileRef = 045A13622DAD03C800FA4A56 /* Assets.xcassets */; };
		045A13662DAD03C800FA4A56 /* Preview Assets.xcassets in Resources */ = {isa = PBXBuildFile; fileRef = 045A13652DAD03C800FA4A56 /* Preview Assets.xcassets */; };
		045A13702DAD03C900FA4A56 /* ListDataAppTests.swift in Sources */ = {isa = PBXBuildFile; fileRef = 045A136F2DAD03C900FA4A56 /* ListDataAppTests.swift */; };
		045A137A2DAD03C900FA4A56 /* ListDataAppUITests.swift in Sources */ = {isa = PBXBuildFile; fileRef = 045A13792DAD03C900FA4A56 /* ListDataAppUITests.swift */; };
		045A137C2DAD03C900FA4A56 /* ListDataAppUITestsLaunchTests.swift in Sources */ = {isa = PBXBuildFile; fileRef = 045A137B2DAD03C900FA4A56 /* ListDataAppUITestsLaunchTests.swift */; };
/* End PBXBuildFile section */

/* Begin PBXContainerItemProxy section */
		045A136C2DAD03C900FA4A56 /* PBXContainerItemProxy */ = {
			isa = PBXContainerItemProxy;
			containerPortal = 045A13532DAD03C600FA4A56 /* Project object */;
			proxyType = 1;
			remoteGlobalIDString = 045A135A2DAD03C600FA4A56;
			remoteInfo = ListDataApp;
		};
		045A13762DAD03C900FA4A56 /* PBXContainerItemProxy */ = {
			isa = PBXContainerItemProxy;
			containerPortal = 045A13532DAD03C600FA4A56 /* Project object */;
			proxyType = 1;
			remoteGlobalIDString = 045A135A2DAD03C600FA4A56;
			remoteInfo = ListDataApp;
		};
/* End PBXContainerItemProxy section */

/* Begin PBXFileReference section */
		045A135B2DAD03C600FA4A56 /* ListDataApp.app */ = {isa = PBXFileReference; explicitFileType = wrapper.application; includeInIndex = 0; path = ListDataApp.app; sourceTree = BUILT_PRODUCTS_DIR; };
		045A135E2DAD03C600FA4A56 /* ListDataAppApp.swift */ = {isa = PBXFileReference; lastKnownFileType = sourcecode.swift; path = ListDataAppApp.swift; sourceTree = "<group>"; };
		045A13602DAD03C600FA4A56 /* ContentView.swift */ = {isa = PBXFileReference; lastKnownFileType = sourcecode.swift; path = ContentView.swift; sourceTree = "<group>"; };
		045A13622DAD03C800FA4A56 /* Assets.xcassets */ = {isa = PBXFileReference; lastKnownFileType = folder.assetcatalog; path = Assets.xcassets; sourceTree = "<group>"; };
		045A13652DAD03C800FA4A56 /* Preview Assets.xcassets */ = {isa = PBXFileReference; lastKnownFileType = folder.assetcatalog; path = "Preview Assets.xcassets"; sourceTree = "<group>"; };
		045A136B2DAD03C900FA4A56 /* ListDataAppTests.xctest */ = {isa = PBXFileReference; explicitFileType = wrapper.cfbundle; includeInIndex = 0; path = ListDataAppTests.xctest; sourceTree = BUILT_PRODUCTS_DIR; };
		045A136F2DAD03C900FA4A56 /* ListDataAppTests.swift */ = {isa = PBXFileReference; lastKnownFileType = sourcecode.swift; path = ListDataAppTests.swift; sourceTree = "<group>"; };
		045A13752DAD03C900FA4A56 /* ListDataAppUITests.xctest */ = {isa = PBXFileReference; explicitFileType = wrapper.cfbundle; includeInIndex = 0; path = ListDataAppUITests.xctest; sourceTree = BUILT_PRODUCTS_DIR; };
		045A13792DAD03C900FA4A56 /* ListDataAppUITests.swift */ = {isa = PBXFileReference; lastKnownFileType = sourcecode.swift; path = ListDataAppUITests.swift; sourceTree = "<group>"; };
		045A137B2DAD03C900FA4A56 /* ListDataAppUITestsLaunchTests.swift */ = {isa = PBXFileReference; lastKnownFileType = sourcecode.swift; path = ListDataAppUITestsLaunchTests.swift; sourceTree = "<group>"; };
/* End PBXFileReference section */

/* Begin PBXFrameworksBuildPhase section */
		045A13582DAD03C600FA4A56 /* Frameworks */ = {
			isa = PBXFrameworksBuildPhase;
			buildActionMask = 2147483647;
			files = (
			);
			runOnlyForDeploymentPostprocessing = 0;
		};
		045A13682DAD03C900FA4A56 /* Frameworks */ = {
			isa = PBXFrameworksBuildPhase;
			buildActionMask = 2147483647;
			files = (
			);
			runOnlyForDeploymentPostprocessing = 0;
		};
		045A13722DAD03C900FA4A56 /* Frameworks */ = {
			isa = PBXFrameworksBuildPhase;
			buildActionMask = 2147483647;
			files = (
			);
			runOnlyForDeploymentPostprocessing = 0;
		};
/* End PBXFrameworksBuildPhase section */

/* Begin PBXGroup section */
		045A13522DAD03C600FA4A56 = {
			isa = PBXGroup;
			children = (
				045A135D2DAD03C600FA4A56 /* ListDataApp */,
				045A136E2DAD03C900FA4A56 /* ListDataAppTests */,
				045A13782DAD03C900FA4A56 /* ListDataAppUITests */,
				045A135C2DAD03C600FA4A56 /* Products */,
			);
			sourceTree = "<group>";
		};
		045A135C2DAD03C600FA4A56 /* Products */ = {
			isa = PBXGroup;
			children = (
				045A135B2DAD03C600FA4A56 /* ListDataApp.app */,
				045A136B2DAD03C900FA4A56 /* ListDataAppTests.xctest */,
				045A13752DAD03C900FA4A56 /* ListDataAppUITests.xctest */,
			);
			name = Products;
			sourceTree = "<group>";
		};
		045A135D2DAD03C600FA4A56 /* ListDataApp */ = {
			isa = PBXGroup;
			children = (
				045A135E2DAD03C600FA4A56 /* ListDataAppApp.swift */,
				045A13602DAD03C600FA4A56 /* ContentView.swift */,
				045A13622DAD03C800FA4A56 /* Assets.xcassets */,
				045A13642DAD03C800FA4A56 /* Preview Content */,
			);
			path = ListDataApp;
			sourceTree = "<group>";
		};
		045A13642DAD03C800FA4A56 /* Preview Content */ = {
			isa = PBXGroup;
			children = (
				045A13652DAD03C800FA4A56 /* Preview Assets.xcassets */,
			);
			path = "Preview Content";
			sourceTree = "<group>";
		};
		045A136E2DAD03C900FA4A56 /* ListDataAppTests */ = {
			isa = PBXGroup;
			children = (
				045A136F2DAD03C900FA4A56 /* ListDataAppTests.swift */,
			);
			path = ListDataAppTests;
			sourceTree = "<group>";
		};
		045A13782DAD03C900FA4A56 /* ListDataAppUITests */ = {
			isa = PBXGroup;
			children = (
				045A13792DAD03C900FA4A56 /* ListDataAppUITests.swift */,
				045A137B2DAD03C900FA4A56 /* ListDataAppUITestsLaunchTests.swift */,
			);
			path = ListDataAppUITests;
			sourceTree = "<group>";
		};
/* End PBXGroup section */

/* Begin PBXNativeTarget section */
		045A135A2DAD03C600FA4A56 /* ListDataApp */ = {
			isa = PBXNativeTarget;
			buildConfigurationList = 045A137F2DAD03C900FA4A56 /* Build configuration list for PBXNativeTarget "ListDataApp" */;
			buildPhases = (
				045A13572DAD03C600FA4A56 /* Sources */,
				045A13582DAD03C600FA4A56 /* Frameworks */,
				045A13592DAD03C600FA4A56 /* Resources */,
			);
			buildRules = (
			);
			dependencies = (
			);
			name = ListDataApp;
			productName = ListDataApp;
			productReference = 045A135B2DAD03C600FA4A56 /* ListDataApp.app */;
			productType = "com.apple.product-type.application";
		};
		045A136A2DAD03C900FA4A56 /* ListDataAppTests */ = {
			isa = PBXNativeTarget;
			buildConfigurationList = 045A13822DAD03C900FA4A56 /* Build configuration list for PBXNativeTarget "ListDataAppTests" */;
			buildPhases = (
				045A13672DAD03C900FA4A56 /* Sources */,
				045A13682DAD03C900FA4A56 /* Frameworks */,
				045A13692DAD03C900FA4A56 /* Resources */,
			);
			buildRules = (
			);
			dependencies = (
				045A136D2DAD03C900FA4A56 /* PBXTargetDependency */,
			);
			name = ListDataAppTests;
			productName = ListDataAppTests;
			productReference = 045A136B2DAD03C900FA4A56 /* ListDataAppTests.xctest */;
			productType = "com.apple.product-type.bundle.unit-test";
		};
		045A13742DAD03C900FA4A56 /* ListDataAppUITests */ = {
			isa = PBXNativeTarget;
			buildConfigurationList = 045A13852DAD03C900FA4A56 /* Build configuration list for PBXNativeTarget "ListDataAppUITests" */;
			buildPhases = (
				045A13712DAD03C900FA4A56 /* Sources */,
				045A13722DAD03C900FA4A56 /* Frameworks */,
				045A13732DAD03C900FA4A56 /* Resources */,
			);
			buildRules = (
			);
			dependencies = (
				045A13772DAD03C900FA4A56 /* PBXTargetDependency */,
			);
			name = ListDataAppUITests;
			productName = ListDataAppUITests;
			productReference = 045A13752DAD03C900FA4A56 /* ListDataAppUITests.xctest */;
			productType = "com.apple.product-type.bundle.ui-testing";
		};
/* End PBXNativeTarget section */

/* Begin PBXProject section */
		045A13532DAD03C600FA4A56 /* Project object */ = {
			isa = PBXProject;
			attributes = {
				BuildIndependentTargetsInParallel = 1;
				LastSwiftUpdateCheck = 1520;
				LastUpgradeCheck = 1520;
				TargetAttributes = {
					045A135A2DAD03C600FA4A56 = {
						CreatedOnToolsVersion = 15.2;
					};
					045A136A2DAD03C900FA4A56 = {
						CreatedOnToolsVersion = 15.2;
						TestTargetID = 045A135A2DAD03C600FA4A56;
					};
					045A13742DAD03C900FA4A56 = {
						CreatedOnToolsVersion = 15.2;
						TestTargetID = 045A135A2DAD03C600FA4A56;
					};
				};
			};
			buildConfigurationList = 045A13562DAD03C600FA4A56 /* Build configuration list for PBXProject "ListDataApp" */;
			compatibilityVersion = "Xcode 14.0";
			developmentRegion = en;
			hasScannedForEncodings = 0;
			knownRegions = (
				en,
				Base,
			);
			mainGroup = 045A13522DAD03C600FA4A56;
			productRefGroup = 045A135C2DAD03C600FA4A56 /* Products */;
			projectDirPath = "";
			projectRoot = "";
			targets = (
				045A135A2DAD03C600FA4A56 /* ListDataApp */,
				045A136A2DAD03C900FA4A56 /* ListDataAppTests */,
				045A13742DAD03C900FA4A56 /* ListDataAppUITests */,
			);
		};
/* End PBXProject section */

/* Begin PBXResourcesBuildPhase section */
		045A13592DAD03C600FA4A56 /* Resources */ = {
			isa = PBXResourcesBuildPhase;
			buildActionMask = 2147483647;
			files = (
				045A13662DAD03C800FA4A56 /* Preview Assets.xcassets in Resources */,
				045A13632DAD03C800FA4A56 /* Assets.xcassets in Resources */,
			);
			runOnlyForDeploymentPostprocessing = 0;
		};
		045A13692DAD03C900FA4A56 /* Resources */ = {
			isa = PBXResourcesBuildPhase;
			buildActionMask = 2147483647;
			files = (
			);
			runOnlyForDeploymentPostprocessing = 0;
		};
		045A13732DAD03C900FA4A56 /* Resources */ = {
			isa = PBXResourcesBuildPhase;
			buildActionMask = 2147483647;
			files = (
			);
			runOnlyForDeploymentPostprocessing = 0;
		};
/* End PBXResourcesBuildPhase section */

/* Begin PBXSourcesBuildPhase section */
		045A13572DAD03C600FA4A56 /* Sources */ = {
			isa = PBXSourcesBuildPhase;
			buildActionMask = 2147483647;
			files = (
				045A13612DAD03C600FA4A56 /* ContentView.swift in Sources */,
				045A135F2DAD03C600FA4A56 /* ListDataAppApp.swift in Sources */,
			);
			runOnlyForDeploymentPostprocessing = 0;
		};
		045A13672DAD03C900FA4A56 /* Sources */ = {
			isa = PBXSourcesBuildPhase;
			buildActionMask = 2147483647;
			files = (
				045A13702DAD03C900FA4A56 /* ListDataAppTests.swift in Sources */,
			);
			runOnlyForDeploymentPostprocessing = 0;
		};
		045A13712DAD03C900FA4A56 /* Sources */ = {
			isa = PBXSourcesBuildPhase;
			buildActionMask = 2147483647;
			files = (
				045A137C2DAD03C900FA4A56 /* ListDataAppUITestsLaunchTests.swift in Sources */,
				045A137A2DAD03C900FA4A56 /* ListDataAppUITests.swift in Sources */,
			);
			runOnlyForDeploymentPostprocessing = 0;
		};
/* End PBXSourcesBuildPhase section */

/* Begin PBXTargetDependency section */
		045A136D2DAD03C900FA4A56 /* PBXTargetDependency */ = {
			isa = PBXTargetDependency;
			target = 045A135A2DAD03C600FA4A56 /* ListDataApp */;
			targetProxy = 045A136C2DAD03C900FA4A56 /* PBXContainerItemProxy */;
		};
		045A13772DAD03C900FA4A56 /* PBXTargetDependency */ = {
			isa = PBXTargetDependency;
			target = 045A135A2DAD03C600FA4A56 /* ListDataApp */;
			targetProxy = 045A13762DAD03C900FA4A56 /* PBXContainerItemProxy */;
		};
/* End PBXTargetDependency section */

/* Begin XCBuildConfiguration section */
		045A137D2DAD03C900FA4A56 /* Debug */ = {
			isa = XCBuildConfiguration;
			buildSettings = {
				ALWAYS_SEARCH_USER_PATHS = NO;
				ASSETCATALOG_COMPILER_GENERATE_SWIFT_ASSET_SYMBOL_EXTENSIONS = YES;
				CLANG_ANALYZER_NONNULL = YES;
				CLANG_ANALYZER_NUMBER_OBJECT_CONVERSION = YES_AGGRESSIVE;
				CLANG_CXX_LANGUAGE_STANDARD = "gnu++20";
				CLANG_ENABLE_MODULES = YES;
				CLANG_ENABLE_OBJC_ARC = YES;
				CLANG_ENABLE_OBJC_WEAK = YES;
				CLANG_WARN_BLOCK_CAPTURE_AUTORELEASING = YES;
				CLANG_WARN_BOOL_CONVERSION = YES;
				CLANG_WARN_COMMA = YES;
				CLANG_WARN_CONSTANT_CONVERSION = YES;
				CLANG_WARN_DEPRECATED_OBJC_IMPLEMENTATIONS = YES;
				CLANG_WARN_DIRECT_OBJC_ISA_USAGE = YES_ERROR;
				CLANG_WARN_DOCUMENTATION_COMMENTS = YES;
				CLANG_WARN_EMPTY_BODY = YES;
				CLANG_WARN_ENUM_CONVERSION = YES;
				CLANG_WARN_INFINITE_RECURSION = YES;
				CLANG_WARN_INT_CONVERSION = YES;
				CLANG_WARN_NON_LITERAL_NULL_CONVERSION = YES;
				CLANG_WARN_OBJC_IMPLICIT_RETAIN_SELF = YES;
				CLANG_WARN_OBJC_LITERAL_CONVERSION = YES;
				CLANG_WARN_OBJC_ROOT_CLASS = YES_ERROR;
				CLANG_WARN_QUOTED_INCLUDE_IN_FRAMEWORK_HEADER = YES;
				CLANG_WARN_RANGE_LOOP_ANALYSIS = YES;
				CLANG_WARN_STRICT_PROTOTYPES = YES;
				CLANG_WARN_SUSPICIOUS_MOVE = YES;
				CLANG_WARN_UNGUARDED_AVAILABILITY = YES_AGGRESSIVE;
				CLANG_WARN_UNREACHABLE_CODE = YES;
				CLANG_WARN__DUPLICATE_METHOD_MATCH = YES;
				COPY_PHASE_STRIP = NO;
				DEBUG_INFORMATION_FORMAT = dwarf;
				ENABLE_STRICT_OBJC_MSGSEND = YES;
				ENABLE_TESTABILITY = YES;
				ENABLE_USER_SCRIPT_SANDBOXING = YES;
				GCC_C_LANGUAGE_STANDARD = gnu17;
				GCC_DYNAMIC_NO_PIC = NO;
				GCC_NO_COMMON_BLOCKS = YES;
				GCC_OPTIMIZATION_LEVEL = 0;
				GCC_PREPROCESSOR_DEFINITIONS = (
					"DEBUG=1",
					"$(inherited)",
				);
				GCC_WARN_64_TO_32_BIT_CONVERSION = YES;
				GCC_WARN_ABOUT_RETURN_TYPE = YES_ERROR;
				GCC_WARN_UNDECLARED_SELECTOR = YES;
				GCC_WARN_UNINITIALIZED_AUTOS = YES_AGGRESSIVE;
				GCC_WARN_UNUSED_FUNCTION = YES;
				GCC_WARN_UNUSED_VARIABLE = YES;
				IPHONEOS_DEPLOYMENT_TARGET = 17.2;
				LOCALIZATION_PREFERS_STRING_CATALOGS = YES;
				MTL_ENABLE_DEBUG_INFO = INCLUDE_SOURCE;
				MTL_FAST_MATH = YES;
				ONLY_ACTIVE_ARCH = YES;
				SDKROOT = iphoneos;
				SWIFT_ACTIVE_COMPILATION_CONDITIONS = "DEBUG $(inherited)";
				SWIFT_OPTIMIZATION_LEVEL = "-Onone";
			};
			name = Debug;
		};
		045A137E2DAD03C900FA4A56 /* Release */ = {
			isa = XCBuildConfiguration;
			buildSettings = {
				ALWAYS_SEARCH_USER_PATHS = NO;
				ASSETCATALOG_COMPILER_GENERATE_SWIFT_ASSET_SYMBOL_EXTENSIONS = YES;
				CLANG_ANALYZER_NONNULL = YES;
				CLANG_ANALYZER_NUMBER_OBJECT_CONVERSION = YES_AGGRESSIVE;
				CLANG_CXX_LANGUAGE_STANDARD = "gnu++20";
				CLANG_ENABLE_MODULES = YES;
				CLANG_ENABLE_OBJC_ARC = YES;
				CLANG_ENABLE_OBJC_WEAK = YES;
				CLANG_WARN_BLOCK_CAPTURE_AUTORELEASING = YES;
				CLANG_WARN_BOOL_CONVERSION = YES;
				CLANG_WARN_COMMA = YES;
				CLANG_WARN_CONSTANT_CONVERSION = YES;
				CLANG_WARN_DEPRECATED_OBJC_IMPLEMENTATIONS = YES;
				CLANG_WARN_DIRECT_OBJC_ISA_USAGE = YES_ERROR;
				CLANG_WARN_DOCUMENTATION_COMMENTS = YES;
				CLANG_WARN_EMPTY_BODY = YES;
				CLANG_WARN_ENUM_CONVERSION = YES;
				CLANG_WARN_INFINITE_RECURSION = YES;
				CLANG_WARN_INT_CONVERSION = YES;
				CLANG_WARN_NON_LITERAL_NULL_CONVERSION = YES;
				CLANG_WARN_OBJC_IMPLICIT_RETAIN_SELF = YES;
				CLANG_WARN_OBJC_LITERAL_CONVERSION = YES;
				CLANG_WARN_OBJC_ROOT_CLASS = YES_ERROR;
				CLANG_WARN_QUOTED_INCLUDE_IN_FRAMEWORK_HEADER = YES;
				CLANG_WARN_RANGE_LOOP_ANALYSIS = YES;
				CLANG_WARN_STRICT_PROTOTYPES = YES;
				CLANG_WARN_SUSPICIOUS_MOVE = YES;
				CLANG_WARN_UNGUARDED_AVAILABILITY = YES_AGGRESSIVE;
				CLANG_WARN_UNREACHABLE_CODE = YES;
				CLANG_WARN__DUPLICATE_METHOD_MATCH = YES;
				COPY_PHASE_STRIP = NO;
				DEBUG_INFORMATION_FORMAT = "dwarf-with-dsym";
				ENABLE_NS_ASSERTIONS = NO;
				ENABLE_STRICT_OBJC_MSGSEND = YES;
				ENABLE_USER_SCRIPT_SANDBOXING = YES;
				GCC_C_LANGUAGE_STANDARD = gnu17;
				GCC_NO_COMMON_BLOCKS = YES;
				GCC_WARN_64_TO_32_BIT_CONVERSION = YES;
				GCC_WARN_ABOUT_RETURN_TYPE = YES_ERROR;
				GCC_WARN_UNDECLARED_SELECTOR = YES;
				GCC_WARN_UNINITIALIZED_AUTOS = YES_AGGRESSIVE;
				GCC_WARN_UNUSED_FUNCTION = YES;
				GCC_WARN_UNUSED_VARIABLE = YES;
				IPHONEOS_DEPLOYMENT_TARGET = 17.2;
				LOCALIZATION_PREFERS_STRING_CATALOGS = YES;
				MTL_ENABLE_DEBUG_INFO = NO;
				MTL_FAST_MATH = YES;
				SDKROOT = iphoneos;
				SWIFT_COMPILATION_MODE = wholemodule;
				VALIDATE_PRODUCT = YES;
			};
			name = Release;
		};
		045A13802DAD03C900FA4A56 /* Debug */ = {
			isa = XCBuildConfiguration;
			buildSettings = {
				ASSETCATALOG_COMPILER_APPICON_NAME = AppIcon;
				ASSETCATALOG_COMPILER_GLOBAL_ACCENT_COLOR_NAME = AccentColor;
				CODE_SIGN_STYLE = Automatic;
				CURRENT_PROJECT_VERSION = 1;
				DEVELOPMENT_ASSET_PATHS = "\"ListDataApp/Preview Content\"";
				DEVELOPMENT_TEAM = 5RF87B2326;
				ENABLE_PREVIEWS = YES;
				GENERATE_INFOPLIST_FILE = YES;
				INFOPLIST_KEY_UIApplicationSceneManifest_Generation = YES;
				INFOPLIST_KEY_UIApplicationSupportsIndirectInputEvents = YES;
				INFOPLIST_KEY_UILaunchScreen_Generation = YES;
				INFOPLIST_KEY_UISupportedInterfaceOrientations_iPad = "UIInterfaceOrientationPortrait UIInterfaceOrientationPortraitUpsideDown UIInterfaceOrientationLandscapeLeft UIInterfaceOrientationLandscapeRight";
				INFOPLIST_KEY_UISupportedInterfaceOrientations_iPhone = "UIInterfaceOrientationPortrait UIInterfaceOrientationLandscapeLeft UIInterfaceOrientationLandscapeRight";
				LD_RUNPATH_SEARCH_PATHS = (
					"$(inherited)",
					"@executable_path/Frameworks",
				);
				MARKETING_VERSION = 1.0;
				PRODUCT_BUNDLE_IDENTIFIER = Freelancer.ListDataApp;
				PRODUCT_NAME = "$(TARGET_NAME)";
				SWIFT_EMIT_LOC_STRINGS = YES;
				SWIFT_VERSION = 5.0;
				TARGETED_DEVICE_FAMILY = "1,2";
			};
			name = Debug;
		};
		045A13812DAD03C900FA4A56 /* Release */ = {
			isa = XCBuildConfiguration;
			buildSettings = {
				ASSETCATALOG_COMPILER_APPICON_NAME = AppIcon;
				ASSETCATALOG_COMPILER_GLOBAL_ACCENT_COLOR_NAME = AccentColor;
				CODE_SIGN_STYLE = Automatic;
				CURRENT_PROJECT_VERSION = 1;
				DEVELOPMENT_ASSET_PATHS = "\"ListDataApp/Preview Content\"";
				DEVELOPMENT_TEAM = 5RF87B2326;
				ENABLE_PREVIEWS = YES;
				GENERATE_INFOPLIST_FILE = YES;
				INFOPLIST_KEY_UIApplicationSceneManifest_Generation = YES;
				INFOPLIST_KEY_UIApplicationSupportsIndirectInputEvents = YES;
				INFOPLIST_KEY_UILaunchScreen_Generation = YES;
				INFOPLIST_KEY_UISupportedInterfaceOrientations_iPad = "UIInterfaceOrientationPortrait UIInterfaceOrientationPortraitUpsideDown UIInterfaceOrientationLandscapeLeft UIInterfaceOrientationLandscapeRight";
				INFOPLIST_KEY_UISupportedInterfaceOrientations_iPhone = "UIInterfaceOrientationPortrait UIInterfaceOrientationLandscapeLeft UIInterfaceOrientationLandscapeRight";
				LD_RUNPATH_SEARCH_PATHS = (
					"$(inherited)",
					"@executable_path/Frameworks",
				);
				MARKETING_VERSION = 1.0;
				PRODUCT_BUNDLE_IDENTIFIER = Freelancer.ListDataApp;
				PRODUCT_NAME = "$(TARGET_NAME)";
				SWIFT_EMIT_LOC_STRINGS = YES;
				SWIFT_VERSION = 5.0;
				TARGETED_DEVICE_FAMILY = "1,2";
			};
			name = Release;
		};
		045A13832DAD03C900FA4A56 /* Debug */ = {
			isa = XCBuildConfiguration;
			buildSettings = {
				ALWAYS_EMBED_SWIFT_STANDARD_LIBRARIES = YES;
				BUNDLE_LOADER = "$(TEST_HOST)";
				CODE_SIGN_STYLE = Automatic;
				CURRENT_PROJECT_VERSION = 1;
				DEVELOPMENT_TEAM = 5RF87B2326;
				GENERATE_INFOPLIST_FILE = YES;
				IPHONEOS_DEPLOYMENT_TARGET = 17.2;
				MARKETING_VERSION = 1.0;
				PRODUCT_BUNDLE_IDENTIFIER = Freelancer.ListDataAppTests;
				PRODUCT_NAME = "$(TARGET_NAME)";
				SWIFT_EMIT_LOC_STRINGS = NO;
				SWIFT_VERSION = 5.0;
				TARGETED_DEVICE_FAMILY = "1,2";
				TEST_HOST = "$(BUILT_PRODUCTS_DIR)/ListDataApp.app/$(BUNDLE_EXECUTABLE_FOLDER_PATH)/ListDataApp";
			};
			name = Debug;
		};
		045A13842DAD03C900FA4A56 /* Release */ = {
			isa = XCBuildConfiguration;
			buildSettings = {
				ALWAYS_EMBED_SWIFT_STANDARD_LIBRARIES = YES;
				BUNDLE_LOADER = "$(TEST_HOST)";
				CODE_SIGN_STYLE = Automatic;
				CURRENT_PROJECT_VERSION = 1;
				DEVELOPMENT_TEAM = 5RF87B2326;
				GENERATE_INFOPLIST_FILE = YES;
				IPHONEOS_DEPLOYMENT_TARGET = 17.2;
				MARKETING_VERSION = 1.0;
				PRODUCT_BUNDLE_IDENTIFIER = Freelancer.ListDataAppTests;
				PRODUCT_NAME = "$(TARGET_NAME)";
				SWIFT_EMIT_LOC_STRINGS = NO;
				SWIFT_VERSION = 5.0;
				TARGETED_DEVICE_FAMILY = "1,2";
				TEST_HOST = "$(BUILT_PRODUCTS_DIR)/ListDataApp.app/$(BUNDLE_EXECUTABLE_FOLDER_PATH)/ListDataApp";
			};
			name = Release;
		};
		045A13862DAD03C900FA4A56 /* Debug */ = {
			isa = XCBuildConfiguration;
			buildSettings = {
				ALWAYS_EMBED_SWIFT_STANDARD_LIBRARIES = YES;
				CODE_SIGN_STYLE = Automatic;
				CURRENT_PROJECT_VERSION = 1;
				DEVELOPMENT_TEAM = 5RF87B2326;
				GENERATE_INFOPLIST_FILE = YES;
				MARKETING_VERSION = 1.0;
				PRODUCT_BUNDLE_IDENTIFIER = Freelancer.ListDataAppUITests;
				PRODUCT_NAME = "$(TARGET_NAME)";
				SWIFT_EMIT_LOC_STRINGS = NO;
				SWIFT_VERSION = 5.0;
				TARGETED_DEVICE_FAMILY = "1,2";
				TEST_TARGET_NAME = ListDataApp;
			};
			name = Debug;
		};
		045A13872DAD03C900FA4A56 /* Release */ = {
			isa = XCBuildConfiguration;
			buildSettings = {
				ALWAYS_EMBED_SWIFT_STANDARD_LIBRARIES = YES;
				CODE_SIGN_STYLE = Automatic;
				CURRENT_PROJECT_VERSION = 1;
				DEVELOPMENT_TEAM = 5RF87B2326;
				GENERATE_INFOPLIST_FILE = YES;
				MARKETING_VERSION = 1.0;
				PRODUCT_BUNDLE_IDENTIFIER = Freelancer.ListDataAppUITests;
				PRODUCT_NAME = "$(TARGET_NAME)";
				SWIFT_EMIT_LOC_STRINGS = NO;
				SWIFT_VERSION = 5.0;
				TARGETED_DEVICE_FAMILY = "1,2";
				TEST_TARGET_NAME = ListDataApp;
			};
			name = Release;
		};
/* End XCBuildConfiguration section */

/* Begin XCConfigurationList section */
		045A13562DAD03C600FA4A56 /* Build configuration list for PBXProject "ListDataApp" */ = {
			isa = XCConfigurationList;
			buildConfigurations = (
				045A137D2DAD03C900FA4A56 /* Debug */,
				045A137E2DAD03C900FA4A56 /* Release */,
			);
			defaultConfigurationIsVisible = 0;
			defaultConfigurationName = Release;
		};
		045A137F2DAD03C900FA4A56 /* Build configuration list for PBXNativeTarget "ListDataApp" */ = {
			isa = XCConfigurationList;
			buildConfigurations = (
				045A13802DAD03C900FA4A56 /* Debug */,
				045A13812DAD03C900FA4A56 /* Release */,
			);
			defaultConfigurationIsVisible = 0;
			defaultConfigurationName = Release;
		};
		045A13822DAD03C900FA4A56 /* Build configuration list for PBXNativeTarget "ListDataAppTests" */ = {
			isa = XCConfigurationList;
			buildConfigurations = (
				045A13832DAD03C900FA4A56 /* Debug */,
				045A13842DAD03C900FA4A56 /* Release */,
			);
			defaultConfigurationIsVisible = 0;
			defaultConfigurationName = Release;
		};
		045A13852DAD03C900FA4A56 /* Build configuration list for PBXNativeTarget "ListDataAppUITests" */ = {
			isa = XCConfigurationList;
			buildConfigurations = (
				045A13862DAD03C900FA4A56 /* Debug */,
				045A13872DAD03C900FA4A56 /* Release */,
			);
			defaultConfigurationIsVisible = 0;
			defaultConfigurationName = Release;
		};
/* End XCConfigurationList section */
	};
	rootObject = 045A13532DAD03C600FA4A56 /* Project object */;
}
